
Microsoft Visual Studio Solution File, Format Version 12.00
# Visual Studio Version 17
VisualStudioVersion = 17.8.34511.84
MinimumVisualStudioVersion = 10.0.40219.1
Project("{FAE04EC0-301F-11D3-BF4B-00C04F79EFBC}") = "EuropeBJJ", "EuropeBJJ\EuropeBJJ.csproj", "{4EFACB8E-F92D-4820-B5F1-CEAAEF9CA25B}"
EndProject
Global
	GlobalSection(SolutionConfigurationPlatforms) = preSolution
		Debug|Any CPU = Debug|Any CPU
		Release|Any CPU = Release|Any CPU
	EndGlobalSection
	GlobalSection(ProjectConfigurationPlatforms) = postSolution
		{4EFACB8E-F92D-4820-B5F1-CEAAEF9CA25B}.Debug|Any CPU.ActiveCfg = Debug|Any CPU
		{4EFACB8E-F92D-4820-B5F1-CEAAEF9CA25B}.Debug|Any CPU.Build.0 = Debug|Any CPU
		{4EFACB8E-F92D-4820-B5F1-CEAAEF9CA25B}.Release|Any CPU.ActiveCfg = Release|Any CPU
		{4EFACB8E-F92D-4820-B5F1-CEAAEF9CA25B}.Release|Any CPU.Build.0 = Release|Any CPU
	EndGlobalSection
	GlobalSection(SolutionProperties) = preSolution
		HideSolutionNode = FALSE
	EndGlobalSection
	GlobalSection(ExtensibilityGlobals) = postSolution
		SolutionGuid = {BD800682-F661-4C8A-A32F-35EC2C557C8F}
	EndGlobalSection
EndGlobal
